github.com/adlio/trello v1.10.0 h1:ia/rzoBwJJKr4IqnMlrU6n09CVqeyaahSkEVcV5/gPc=
github.com/adlio/trello v1.10.0/go.mod h1:I4Lti4jf2KxjTNgTqs5W3lLuE78QZZdYbbPnQQGwjOo=
github.com/bwmarrin/discordgo v0.20.3 h1:AxjcHGbyBFSC0a3Zx5nDQwbOjU7xai5dXjRnZ0YB7nU=
github.com/bwmarrin/discordgo v0.20.3/go.mod h1:O9S4p+ofTFwB02em7jkpkV8M3R0/PUVOwN61zSZ0r4Q=
github.com/gorilla/websocket v1.4.0 h1:WDFjx/TMzVgy9VdMMQi2K2Emtwi2QcUQsztZ/zLaH/Q=
github.com/gorilla/websocket v1.4.0/go.mod h1:E7qHFY5m1UJ88s3WnNqhKjPHQ0heANvMoAMk2YaljkQ=
github.com/jessevdk/go-flags v1.5.0 h1:1jKYvbxEjfUl0fmqTCOfonvskHHXMjBySTLW4y9LFvc=
github.com/jessevdk/go-flags v1.5.0/go.mod h1:Fw0T6WPc1dYxT4mKEZRfG5kJhaTDP9pj1c2EWnYs/m4=
github.com/karrick/tparse/v2 v2.8.1 h1:KmuwSutle9SVDQceHWr1IixyMZ0RSctDP/OB+OhqMNs=
github.com/karrick/tparse/v2 v2.8.1/go.mod h1:OzmKMqNal7LYYHaO/Ie1f/wXmLWAaGKwJmxUFNQCVxg=
github.com/lus/dgc v1.1.0 h1:Cy81DgqjUEM7tGbygWB2HTSbHSlQ4ybSzXXCmZnlcpI=
github.com/lus/dgc v1.1.0/go.mod h1:M8b1xw5H89rKgjUjZ5KwuflvGLjIsMZq07C8QWdfygU=
github.com/pkg/errors v0.8.1 h1:iURUrRGxPUNPdy5/HRSm+Yj6okJ6UtLINN0Q9M4+h3I=
github.com/pkg/errors v0.8.1/go.mod h1:bwawxfHBFNV+L2hUp1rHADufV3IMtnDRdf1r5NINEl0=
github.com/zekroTJA/timedmap v0.0.0-20200518230343-de9b879d109a h1:S8UfZYz3TbkwO8bZ1UE3miiEjh/KSi4tZYwX1A/omC4=
github.com/zekroTJA/timedmap v0.0.0-20200518230343-de9b879d109a/go.mod h1:ktlw5aYhoXQvOvWFL9SzltGXn1bQgJXxZzHJK4wQvsI=
golang.org/x/crypto v0.0.0-20181030102418-4d3f4d9ffa16/go.mod h1:6SG95UA2DQfeDnfUPMdvaQW0Q7yPrPDi9nlGo2tz2b4=
golang.org/x/crypto v0.0.0-20220525230936-793ad666bf5e h1:T8NU3HyQ8ClP4SEE+KbFlg6n0NhuTsN4MyznaarGsZM=
golang.org/x/crypto v0.0.0-20220525230936-793ad666bf5e/go.mod h1:IxCIyHEi3zRg3s0A5j5BB6A9Jmi73HwBIUl50j+osU4=
golang.org/x/sys v0.0.0-20210320140829-1e4c9ba3b0c4/go.mod h1:h1NjWce9XRLGQEsW7wpKNCjG9DtNlClVuFLEZdDNbEs=
golang.org/x/sys v0.0.0-20210615035016-665e8c7367d1 h1:SrN+KX8Art/Sf4HNj6Zcz06G7VEz+7w9tdXTPOZ7+l4=
golang.org/x/sys v0.0.0-20210615035016-665e8c7367d1/go.mod h1:oPkhp1MJrh7nUepCBck5+mAzfO9JrbApNNgaTdGDITg=
golang.org/x/time v0.0.0-20200630173020-3af7569d3a1e h1:EHBhcS0mlXEAVwNyO2dLfjToGsyY4j24pTs2ScHnX7s=
golang.org/x/time v0.0.0-20200630173020-3af7569d3a1e/go.mod h1:tRJNPiyCQ0inRvYxbN9jk5I+vvW/OXSQhTDSoE431IQ=
